
Microsoft Visual Studio Solution File, Format Version 12.00
# Visual Studio Version 16
VisualStudioVersion = 16.0.31729.503
MinimumVisualStudioVersion = 10.0.40219.1
Project("{FAE04EC0-301F-11D3-BF4B-00C04F79EFBC}") = "ConsoleApp1", "ConsoleApp1.csproj", "{B6DCFB63-83B6-4301-AA2C-9E6BB6239A1F}"
EndProject
Global
	GlobalSection(SolutionConfigurationPlatforms) = preSolution
		Debug|Any CPU = Debug|Any CPU
		Release|Any CPU = Release|Any CPU
	EndGlobalSection
	GlobalSection(ProjectConfigurationPlatforms) = postSolution
		{B6DCFB63-83B6-4301-AA2C-9E6BB6239A1F}.Debug|Any CPU.ActiveCfg = Debug|Any CPU
		{B6DCFB63-83B6-4301-AA2C-9E6BB6239A1F}.Debug|Any CPU.Build.0 = Debug|Any CPU
		{B6DCFB63-83B6-4301-AA2C-9E6BB6239A1F}.Release|Any CPU.ActiveCfg = Release|Any CPU
		{B6DCFB63-83B6-4301-AA2C-9E6BB6239A1F}.Release|Any CPU.Build.0 = Release|Any CPU
	EndGlobalSection
	GlobalSection(SolutionProperties) = preSolution
		HideSolutionNode = FALSE
	EndGlobalSection
	GlobalSection(ExtensibilityGlobals) = postSolution
		SolutionGuid = {C7D67B2C-9778-4315-A2ED-70A8466D60C8}
	EndGlobalSection
EndGlobal
