
Microsoft Visual Studio Solution File, Format Version 12.00
# Visual Studio Version 16
VisualStudioVersion = 16.0.31729.503
MinimumVisualStudioVersion = 10.0.40219.1
Project("{9A19103F-16F7-4668-BE54-9A1E7A4F7556}") = "SOE", "SOE.csproj", "{621E10A0-8ADE-4861-B28E-13BE2CA9C1EC}"
EndProject
Global
	GlobalSection(SolutionConfigurationPlatforms) = preSolution
		Debug|Any CPU = Debug|Any CPU
		Release|Any CPU = Release|Any CPU
	EndGlobalSection
	GlobalSection(ProjectConfigurationPlatforms) = postSolution
		{621E10A0-8ADE-4861-B28E-13BE2CA9C1EC}.Debug|Any CPU.ActiveCfg = Debug|Any CPU
		{621E10A0-8ADE-4861-B28E-13BE2CA9C1EC}.Debug|Any CPU.Build.0 = Debug|Any CPU
		{621E10A0-8ADE-4861-B28E-13BE2CA9C1EC}.Release|Any CPU.ActiveCfg = Release|Any CPU
		{621E10A0-8ADE-4861-B28E-13BE2CA9C1EC}.Release|Any CPU.Build.0 = Release|Any CPU
	EndGlobalSection
	GlobalSection(SolutionProperties) = preSolution
		HideSolutionNode = FALSE
	EndGlobalSection
	GlobalSection(ExtensibilityGlobals) = postSolution
		SolutionGuid = {C7D67B2C-9778-4315-A2ED-70A8466D60C8}
	EndGlobalSection
EndGlobal
